
Microsoft Visual Studio Solution File, Format Version 12.00
# Visual Studio Version 17
VisualStudioVersion = 17.4.33110.190
MinimumVisualStudioVersion = 10.0.40219.1
Project("{9A19103F-16F7-4668-BE54-9A1E7A4F7556}") = "CarRentalSystem", "CarRentalSystem.csproj", "{C3AD4626-D25A-4C98-91BB-61695F269126}"
EndProject
Global
	GlobalSection(SolutionConfigurationPlatforms) = preSolution
		Debug|Any CPU = Debug|Any CPU
		Debug|x64 = Debug|x64
		Debug|x86 = Debug|x86
		Release|Any CPU = Release|Any CPU
		Release|x64 = Release|x64
		Release|x86 = Release|x86
	EndGlobalSection
	GlobalSection(ProjectConfigurationPlatforms) = postSolution
		{C3AD4626-D25A-4C98-91BB-61695F269126}.Debug|Any CPU.ActiveCfg = Debug|Any CPU
		{C3AD4626-D25A-4C98-91BB-61695F269126}.Debug|Any CPU.Build.0 = Debug|Any CPU
		{C3AD4626-D25A-4C98-91BB-61695F269126}.Debug|x64.ActiveCfg = Debug|x64
		{C3AD4626-D25A-4C98-91BB-61695F269126}.Debug|x64.Build.0 = Debug|x64
		{C3AD4626-D25A-4C98-91BB-61695F269126}.Debug|x86.ActiveCfg = Debug|x86
		{C3AD4626-D25A-4C98-91BB-61695F269126}.Debug|x86.Build.0 = Debug|x86
		{C3AD4626-D25A-4C98-91BB-61695F269126}.Release|Any CPU.ActiveCfg = Release|Any CPU
		{C3AD4626-D25A-4C98-91BB-61695F269126}.Release|Any CPU.Build.0 = Release|Any CPU
		{C3AD4626-D25A-4C98-91BB-61695F269126}.Release|x64.ActiveCfg = Release|x64
		{C3AD4626-D25A-4C98-91BB-61695F269126}.Release|x64.Build.0 = Release|x64
		{C3AD4626-D25A-4C98-91BB-61695F269126}.Release|x86.ActiveCfg = Release|x86
		{C3AD4626-D25A-4C98-91BB-61695F269126}.Release|x86.Build.0 = Release|x86
	EndGlobalSection
	GlobalSection(SolutionProperties) = preSolution
		HideSolutionNode = FALSE
	EndGlobalSection
	GlobalSection(ExtensibilityGlobals) = postSolution
		SolutionGuid = {D928AFAE-4000-4687-99EA-287B4F8A5252}
	EndGlobalSection
EndGlobal
